
Microsoft Visual Studio Solution File, Format Version 12.00
# Visual Studio 15
VisualStudioVersion = 15.0.26403.7
MinimumVisualStudioVersion = 10.0.40219.1
Project("{FAE04EC0-301F-11D3-BF4B-00C04F79EFBC}") = "AT.OrangeHRM.UI.Spec", "AT.OrangeHRM.UI.Spec\AT.OrangeHRM.UI.Spec.csproj", "{48F9C1B8-3784-4E36-9EB7-50E78D40AC5E}"
EndProject
Project("{FAE04EC0-301F-11D3-BF4B-00C04F79EFBC}") = "AT.OrangeHRM.UI.StepDefinitions", "AT.OrangeHRM.UI.StepDefinitions\AT.OrangeHRM.UI.StepDefinitions.csproj", "{0A7A9B21-395A-4DB1-8E67-58EE34513F38}"
EndProject
Global
	GlobalSection(SolutionConfigurationPlatforms) = preSolution
		Debug|Any CPU = Debug|Any CPU
		Release|Any CPU = Release|Any CPU
	EndGlobalSection
	GlobalSection(ProjectConfigurationPlatforms) = postSolution
		{48F9C1B8-3784-4E36-9EB7-50E78D40AC5E}.Debug|Any CPU.ActiveCfg = Debug|Any CPU
		{48F9C1B8-3784-4E36-9EB7-50E78D40AC5E}.Debug|Any CPU.Build.0 = Debug|Any CPU
		{48F9C1B8-3784-4E36-9EB7-50E78D40AC5E}.Release|Any CPU.ActiveCfg = Release|Any CPU
		{48F9C1B8-3784-4E36-9EB7-50E78D40AC5E}.Release|Any CPU.Build.0 = Release|Any CPU
		{0A7A9B21-395A-4DB1-8E67-58EE34513F38}.Debug|Any CPU.ActiveCfg = Debug|Any CPU
		{0A7A9B21-395A-4DB1-8E67-58EE34513F38}.Debug|Any CPU.Build.0 = Debug|Any CPU
		{0A7A9B21-395A-4DB1-8E67-58EE34513F38}.Release|Any CPU.ActiveCfg = Release|Any CPU
		{0A7A9B21-395A-4DB1-8E67-58EE34513F38}.Release|Any CPU.Build.0 = Release|Any CPU
	EndGlobalSection
	GlobalSection(SolutionProperties) = preSolution
		HideSolutionNode = FALSE
	EndGlobalSection
EndGlobal
